{
  "name": "sda-cli",
  "version": "0.0.8",
  "lockfileVersion": 1,
  "requires": true,
  "dependencies": {
    "sda-core": {
      "version": "0.0.8",
      "requires": {
        "easy-table": "^1.1.1",
        "jest-standard-reporter": "~1.0.4",
        "lodash": "^4.17.11",
        "require-text": "0.0.1",
        "yeoman-environment": "^2.6.0"
      }
    },
    "tslint": {
      "version": "5.20.1",
      "dev": true,
      "requires": {
        "@babel/code-frame": "^7.0.0",
        "builtin-modules": "^1.1.1",
        "chalk": "^2.3.0",
        "commander": "^2.12.1",
        "diff": "^4.0.1",
        "glob": "^7.1.1",
        "js-yaml": "^3.13.1",
        "minimatch": "^3.0.4",
        "mkdirp": "^0.5.1",
        "resolve": "^1.3.2",
        "semver": "^5.3.0",
        "tslib": "^1.8.0",
        "tsutils": "^2.29.0"
      }
    },
    "typescript": {
      "version": "3.7.5",
      "dev": true
    }
  }
}
