{
  "name": "sda",
  "version": "0.0.8",
  "lockfileVersion": 1,
  "requires": true,
  "dependencies": {
    "@types/easy-table": {
      "version": "0.0.32",
      "dev": true
    },
    "@types/jest": {
      "version": "24.9.1",
      "dev": true,
      "requires": {
        "jest-diff": "^24.3.0"
      }
    },
    "@types/lodash": {
      "version": "4.14.149",
      "dev": true
    },
    "@types/node": {
      "version": "8.10.59",
      "dev": true
    },
    "easy-table": {
      "version": "1.1.1",
      "requires": {
        "ansi-regex": "^3.0.0",
        "wcwidth": ">=1.0.1"
      }
    },
    "electron": {
      "version": "7.1.10",
      "dev": true,
      "requires": {
        "@electron/get": "^1.0.1",
        "@types/node": "^12.0.12",
        "extract-zip": "^1.0.3"
      }
    },
    "jest": {
      "version": "25.1.0",
      "dev": true,
      "requires": {
        "@jest/core": "^25.1.0",
        "import-local": "^3.0.2",
        "jest-cli": "^25.1.0"
      }
    },
    "jest-environment-jsdom": {
      "version": "25.1.0",
      "dev": true,
      "requires": {
        "@jest/environment": "^25.1.0",
        "@jest/fake-timers": "^25.1.0",
        "@jest/types": "^25.1.0",
        "jest-mock": "^25.1.0",
        "jest-util": "^25.1.0",
        "jsdom": "^15.1.1"
      }
    },
    "lodash": {
      "version": "4.17.15"
    },
    "require-text": {
      "version": "0.0.1"
    },
    "ts-jest": {
      "version": "25.0.0",
      "dev": true,
      "requires": {
        "bs-logger": "0.x",
        "buffer-from": "1.x",
        "fast-json-stable-stringify": "2.x",
        "json5": "2.x",
        "lodash.memoize": "4.x",
        "make-error": "1.x",
        "mkdirp": "0.x",
        "resolve": "1.x",
        "semver": "^5.5",
        "yargs-parser": "10.x"
      }
    },
    "tslint": {
      "version": "5.20.1",
      "dev": true,
      "requires": {
        "@babel/code-frame": "^7.0.0",
        "builtin-modules": "^1.1.1",
        "chalk": "^2.3.0",
        "commander": "^2.12.1",
        "diff": "^4.0.1",
        "glob": "^7.1.1",
        "js-yaml": "^3.13.1",
        "minimatch": "^3.0.4",
        "mkdirp": "^0.5.1",
        "resolve": "^1.3.2",
        "semver": "^5.3.0",
        "tslib": "^1.8.0",
        "tsutils": "^2.29.0"
      }
    },
    "typescript": {
      "version": "3.7.5",
      "dev": true
    },
    "yeoman-environment": {
      "version": "2.7.0",
      "requires": {
        "chalk": "^2.4.1",
        "cross-spawn": "^6.0.5",
        "debug": "^3.1.0",
        "diff": "^3.5.0",
        "escape-string-regexp": "^1.0.2",
        "globby": "^8.0.1",
        "grouped-queue": "^0.3.3",
        "inquirer": "^6.0.0",
        "is-scoped": "^1.0.0",
        "lodash": "^4.17.10",
        "log-symbols": "^2.2.0",
        "mem-fs": "^1.1.0",
        "strip-ansi": "^4.0.0",
        "text-table": "^0.2.0",
        "untildify": "^3.0.3"
      }
    }
  }
}
